
Microsoft Visual Studio Solution File, Format Version 12.00
# Visual Studio 2013
VisualStudioVersion = 12.0.21005.1
MinimumVisualStudioVersion = 10.0.40219.1
Project("{FAE04EC0-301F-11D3-BF4B-00C04F79EFBC}") = "SkypeSpeaker", "SkypeSpeaker\SkypeSpeaker.csproj", "{D072AFD5-41C7-4C3D-88EF-4E7A6B2A3AFC}"
EndProject
Global
	GlobalSection(SolutionConfigurationPlatforms) = preSolution
		Debug|Any CPU = Debug|Any CPU
		Release|Any CPU = Release|Any CPU
	EndGlobalSection
	GlobalSection(ProjectConfigurationPlatforms) = postSolution
		{D072AFD5-41C7-4C3D-88EF-4E7A6B2A3AFC}.Debug|Any CPU.ActiveCfg = Debug|Any CPU
		{D072AFD5-41C7-4C3D-88EF-4E7A6B2A3AFC}.Debug|Any CPU.Build.0 = Debug|Any CPU
		{D072AFD5-41C7-4C3D-88EF-4E7A6B2A3AFC}.Release|Any CPU.ActiveCfg = Release|Any CPU
		{D072AFD5-41C7-4C3D-88EF-4E7A6B2A3AFC}.Release|Any CPU.Build.0 = Release|Any CPU
	EndGlobalSection
	GlobalSection(SolutionProperties) = preSolution
		HideSolutionNode = FALSE
	EndGlobalSection
EndGlobal
